
Microsoft Visual Studio Solution File, Format Version 12.00
# Visual Studio Version 16
VisualStudioVersion = 16.0.30225.117
MinimumVisualStudioVersion = 10.0.40219.1
Project("{FAE04EC0-301F-11D3-BF4B-00C04F79EFBC}") = "yuricafe", "yuricafe2.0\yuricafe.csproj", "{304527E7-33EB-4544-B8A6-FE483BF7FA08}"
EndProject
Global
	GlobalSection(SolutionConfigurationPlatforms) = preSolution
		Debug|Any CPU = Debug|Any CPU
		Release|Any CPU = Release|Any CPU
	EndGlobalSection
	GlobalSection(ProjectConfigurationPlatforms) = postSolution
		{304527E7-33EB-4544-B8A6-FE483BF7FA08}.Debug|Any CPU.ActiveCfg = Debug|Any CPU
		{304527E7-33EB-4544-B8A6-FE483BF7FA08}.Debug|Any CPU.Build.0 = Debug|Any CPU
		{304527E7-33EB-4544-B8A6-FE483BF7FA08}.Release|Any CPU.ActiveCfg = Release|Any CPU
		{304527E7-33EB-4544-B8A6-FE483BF7FA08}.Release|Any CPU.Build.0 = Release|Any CPU
	EndGlobalSection
	GlobalSection(SolutionProperties) = preSolution
		HideSolutionNode = FALSE
	EndGlobalSection
	GlobalSection(ExtensibilityGlobals) = postSolution
		SolutionGuid = {9707112B-EAB6-49CE-A6AA-087671335A85}
	EndGlobalSection
EndGlobal
